
Microsoft Visual Studio Solution File, Format Version 12.00
# Visual Studio Version 16
VisualStudioVersion = 16.0.32002.261
MinimumVisualStudioVersion = 10.0.40219.1
Project("{FAE04EC0-301F-11D3-BF4B-00C04F79EFBC}") = "WebApplicationlean", "WebApplicationlean\WebApplicationlean.csproj", "{1E793ED6-59A5-43AB-8E56-2A166D3CD830}"
EndProject
Global
	GlobalSection(SolutionConfigurationPlatforms) = preSolution
		Debug|Any CPU = Debug|Any CPU
		Release|Any CPU = Release|Any CPU
	EndGlobalSection
	GlobalSection(ProjectConfigurationPlatforms) = postSolution
		{1E793ED6-59A5-43AB-8E56-2A166D3CD830}.Debug|Any CPU.ActiveCfg = Debug|Any CPU
		{1E793ED6-59A5-43AB-8E56-2A166D3CD830}.Debug|Any CPU.Build.0 = Debug|Any CPU
		{1E793ED6-59A5-43AB-8E56-2A166D3CD830}.Release|Any CPU.ActiveCfg = Release|Any CPU
		{1E793ED6-59A5-43AB-8E56-2A166D3CD830}.Release|Any CPU.Build.0 = Release|Any CPU
	EndGlobalSection
	GlobalSection(SolutionProperties) = preSolution
		HideSolutionNode = FALSE
	EndGlobalSection
	GlobalSection(ExtensibilityGlobals) = postSolution
		SolutionGuid = {0E29637E-200E-411D-A25D-9507D2CEDDED}
	EndGlobalSection
EndGlobal
