
Microsoft Visual Studio Solution File, Format Version 12.00
# Visual Studio Version 16
VisualStudioVersion = 16.0.32002.261
MinimumVisualStudioVersion = 10.0.40219.1
Project("{FAE04EC0-301F-11D3-BF4B-00C04F79EFBC}") = "compcalculator", "compcalculator\compcalculator.csproj", "{56AF4A9A-16EE-47AB-961B-8C7D05A26E3B}"
EndProject
Global
	GlobalSection(SolutionConfigurationPlatforms) = preSolution
		Debug|Any CPU = Debug|Any CPU
		Release|Any CPU = Release|Any CPU
	EndGlobalSection
	GlobalSection(ProjectConfigurationPlatforms) = postSolution
		{56AF4A9A-16EE-47AB-961B-8C7D05A26E3B}.Debug|Any CPU.ActiveCfg = Debug|Any CPU
		{56AF4A9A-16EE-47AB-961B-8C7D05A26E3B}.Debug|Any CPU.Build.0 = Debug|Any CPU
		{56AF4A9A-16EE-47AB-961B-8C7D05A26E3B}.Release|Any CPU.ActiveCfg = Release|Any CPU
		{56AF4A9A-16EE-47AB-961B-8C7D05A26E3B}.Release|Any CPU.Build.0 = Release|Any CPU
	EndGlobalSection
	GlobalSection(SolutionProperties) = preSolution
		HideSolutionNode = FALSE
	EndGlobalSection
	GlobalSection(ExtensibilityGlobals) = postSolution
		SolutionGuid = {3FED5BDE-41CA-4756-8A2B-E47C9746AAC7}
	EndGlobalSection
EndGlobal
